// !$*UTF8*$!
{
	archiveVersion = 1;
	classes = {
	};
	objectVersion = 48;
	objects = {

/* Begin PBXBuildFile section */
		8407ABB2211CE8CC003C1ACB /* AppDelegate.swift in Sources */ = {isa = PBXBuildFile; fileRef = 8407ABB1211CE8CC003C1ACB /* AppDelegate.swift */; };
		8407ABB4211CE8CC003C1ACB /* ViewController.swift in Sources */ = {isa = PBXBuildFile; fileRef = 8407ABB3211CE8CC003C1ACB /* ViewController.swift */; };
		8407ABB7211CE8CC003C1ACB /* Main.storyboard in Resources */ = {isa = PBXBuildFile; fileRef = 8407ABB5211CE8CC003C1ACB /* Main.storyboard */; };
		8407ABB9211CE8CC003C1ACB /* Assets.xcassets in Resources */ = {isa = PBXBuildFile; fileRef = 8407ABB8211CE8CC003C1ACB /* Assets.xcassets */; };
		8407ABBC211CE8CC003C1ACB /* LaunchScreen.storyboard in Resources */ = {isa = PBXBuildFile; fileRef = 8407ABBA211CE8CC003C1ACB /* LaunchScreen.storyboard */; };
/* End PBXBuildFile section */

/* Begin PBXFileReference section */
		8407ABAE211CE8CC003C1ACB /* TestingFirebaseGithub.app */ = {isa = PBXFileReference; explicitFileType = wrapper.application; includeInIndex = 0; path = TestingFirebaseGithub.app; sourceTree = BUILT_PRODUCTS_DIR; };
		8407ABB1211CE8CC003C1ACB /* AppDelegate.swift */ = {isa = PBXFileReference; lastKnownFileType = sourcecode.swift; path = AppDelegate.swift; sourceTree = "<group>"; };
		8407ABB3211CE8CC003C1ACB /* ViewController.swift */ = {isa = PBXFileReference; lastKnownFileType = sourcecode.swift; path = ViewController.swift; sourceTree = "<group>"; };
		8407ABB6211CE8CC003C1ACB /* Base */ = {isa = PBXFileReference; lastKnownFileType = file.storyboard; name = Base; path = Base.lproj/Main.storyboard; sourceTree = "<group>"; };
		8407ABB8211CE8CC003C1ACB /* Assets.xcassets */ = {isa = PBXFileReference; lastKnownFileType = folder.assetcatalog; path = Assets.xcassets; sourceTree = "<group>"; };
		8407ABBB211CE8CC003C1ACB /* Base */ = {isa = PBXFileReference; lastKnownFileType = file.storyboard; name = Base; path = Base.lproj/LaunchScreen.storyboard; sourceTree = "<group>"; };
		8407ABBD211CE8CC003C1ACB /* Info.plist */ = {isa = PBXFileReference; lastKnownFileType = text.plist.xml; path = Info.plist; sourceTree = "<group>"; };
/* End PBXFileReference section */

/* Begin PBXFrameworksBuildPhase section */
		8407ABAB211CE8CC003C1ACB /* Frameworks */ = {
			isa = PBXFrameworksBuildPhase;
			buildActionMask = 2147483647;
			files = (
			);
			runOnlyForDeploymentPostprocessing = 0;
		};
/* End PBXFrameworksBuildPhase section */

/* Begin PBXGroup section */
		8407ABA5211CE8CC003C1ACB = {
			isa = PBXGroup;
			children = (
				8407ABB0211CE8CC003C1ACB /* TestingFirebaseGithub */,
				8407ABAF211CE8CC003C1ACB /* Products */,
			);
			sourceTree = "<group>";
		};
		8407ABAF211CE8CC003C1ACB /* Products */ = {
			isa = PBXGroup;
			children = (
				8407ABAE211CE8CC003C1ACB /* TestingFirebaseGithub.app */,
			);
			name = Products;
			sourceTree = "<group>";
		};
		8407ABB0211CE8CC003C1ACB /* TestingFirebaseGithub */ = {
			isa = PBXGroup;
			children = (
				8407ABB1211CE8CC003C1ACB /* AppDelegate.swift */,
				8407ABB3211CE8CC003C1ACB /* ViewController.swift */,
				8407ABB5211CE8CC003C1ACB /* Main.storyboard */,
				8407ABB8211CE8CC003C1ACB /* Assets.xcassets */,
				8407ABBA211CE8CC003C1ACB /* LaunchScreen.storyboard */,
				8407ABBD211CE8CC003C1ACB /* Info.plist */,
			);
			path = TestingFirebaseGithub;
			sourceTree = "<group>";
		};
/* End PBXGroup section */

/* Begin PBXNativeTarget section */
		8407ABAD211CE8CC003C1ACB /* TestingFirebaseGithub */ = {
			isa = PBXNativeTarget;
			buildConfigurationList = 8407ABC0211CE8CC003C1ACB /* Build configuration list for PBXNativeTarget "TestingFirebaseGithub" */;
			buildPhases = (
				8407ABAA211CE8CC003C1ACB /* Sources */,
				8407ABAB211CE8CC003C1ACB /* Frameworks */,
				8407ABAC211CE8CC003C1ACB /* Resources */,
			);
			buildRules = (
			);
			dependencies = (
			);
			name = TestingFirebaseGithub;
			productName = TestingFirebaseGithub;
			productReference = 8407ABAE211CE8CC003C1ACB /* TestingFirebaseGithub.app */;
			productType = "com.apple.product-type.application";
		};
/* End PBXNativeTarget section */

/* Begin PBXProject section */
		8407ABA6211CE8CC003C1ACB /* Project object */ = {
			isa = PBXProject;
			attributes = {
				LastSwiftUpdateCheck = 0920;
				LastUpgradeCheck = 0920;
				ORGANIZATIONNAME = Admin;
				TargetAttributes = {
					8407ABAD211CE8CC003C1ACB = {
						CreatedOnToolsVersion = 9.2;
						ProvisioningStyle = Automatic;
					};
				};
			};
			buildConfigurationList = 8407ABA9211CE8CC003C1ACB /* Build configuration list for PBXProject "TestingFirebaseGithub" */;
			compatibilityVersion = "Xcode 8.0";
			developmentRegion = en;
			hasScannedForEncodings = 0;
			knownRegions = (
				en,
				Base,
			);
			mainGroup = 8407ABA5211CE8CC003C1ACB;
			productRefGroup = 8407ABAF211CE8CC003C1ACB /* Products */;
			projectDirPath = "";
			projectRoot = "";
			targets = (
				8407ABAD211CE8CC003C1ACB /* TestingFirebaseGithub */,
			);
		};
/* End PBXProject section */

/* Begin PBXResourcesBuildPhase section */
		8407ABAC211CE8CC003C1ACB /* Resources */ = {
			isa = PBXResourcesBuildPhase;
			buildActionMask = 2147483647;
			files = (
				8407ABBC211CE8CC003C1ACB /* LaunchScreen.storyboard in Resources */,
				8407ABB9211CE8CC003C1ACB /* Assets.xcassets in Resources */,
				8407ABB7211CE8CC003C1ACB /* Main.storyboard in Resources */,
			);
			runOnlyForDeploymentPostprocessing = 0;
		};
/* End PBXResourcesBuildPhase section */

/* Begin PBXSourcesBuildPhase section */
		8407ABAA211CE8CC003C1ACB /* Sources */ = {
			isa = PBXSourcesBuildPhase;
			buildActionMask = 2147483647;
			files = (
				8407ABB4211CE8CC003C1ACB /* ViewController.swift in Sources */,
				8407ABB2211CE8CC003C1ACB /* AppDelegate.swift in Sources */,
			);
			runOnlyForDeploymentPostprocessing = 0;
		};
/* End PBXSourcesBuildPhase section */

/* Begin PBXVariantGroup section */
		8407ABB5211CE8CC003C1ACB /* Main.storyboard */ = {
			isa = PBXVariantGroup;
			children = (
				8407ABB6211CE8CC003C1ACB /* Base */,
			);
			name = Main.storyboard;
			sourceTree = "<group>";
		};
		8407ABBA211CE8CC003C1ACB /* LaunchScreen.storyboard */ = {
			isa = PBXVariantGroup;
			children = (
				8407ABBB211CE8CC003C1ACB /* Base */,
			);
			name = LaunchScreen.storyboard;
			sourceTree = "<group>";
		};
/* End PBXVariantGroup section */

/* Begin XCBuildConfiguration section */
		8407ABBE211CE8CC003C1ACB /* Debug */ = {
			isa = XCBuildConfiguration;
			buildSettings = {
				ALWAYS_SEARCH_USER_PATHS = NO;
				CLANG_ANALYZER_NONNULL = YES;
				CLANG_ANALYZER_NUMBER_OBJECT_CONVERSION = YES_AGGRESSIVE;
				CLANG_CXX_LANGUAGE_STANDARD = "gnu++14";
				CLANG_CXX_LIBRARY = "libc++";
				CLANG_ENABLE_MODULES = YES;
				CLANG_ENABLE_OBJC_ARC = YES;
				CLANG_WARN_BLOCK_CAPTURE_AUTORELEASING = YES;
				CLANG_WARN_BOOL_CONVERSION = YES;
				CLANG_WARN_COMMA = YES;
				CLANG_WARN_CONSTANT_CONVERSION = YES;
				CLANG_WARN_DIRECT_OBJC_ISA_USAGE = YES_ERROR;
				CLANG_WARN_DOCUMENTATION_COMMENTS = YES;
				CLANG_WARN_EMPTY_BODY = YES;
				CLANG_WARN_ENUM_CONVERSION = YES;
				CLANG_WARN_INFINITE_RECURSION = YES;
				CLANG_WARN_INT_CONVERSION = YES;
				CLANG_WARN_NON_LITERAL_NULL_CONVERSION = YES;
				CLANG_WARN_OBJC_LITERAL_CONVERSION = YES;
				CLANG_WARN_OBJC_ROOT_CLASS = YES_ERROR;
				CLANG_WARN_RANGE_LOOP_ANALYSIS = YES;
				CLANG_WARN_STRICT_PROTOTYPES = YES;
				CLANG_WARN_SUSPICIOUS_MOVE = YES;
				CLANG_WARN_UNGUARDED_AVAILABILITY = YES_AGGRESSIVE;
				CLANG_WARN_UNREACHABLE_CODE = YES;
				CLANG_WARN__DUPLICATE_METHOD_MATCH = YES;
				CODE_SIGN_IDENTITY = "iPhone Developer";
				COPY_PHASE_STRIP = NO;
				DEBUG_INFORMATION_FORMAT = dwarf;
				ENABLE_STRICT_OBJC_MSGSEND = YES;
				ENABLE_TESTABILITY = YES;
				GCC_C_LANGUAGE_STANDARD = gnu11;
				GCC_DYNAMIC_NO_PIC = NO;
				GCC_NO_COMMON_BLOCKS = YES;
				GCC_OPTIMIZATION_LEVEL = 0;
				GCC_PREPROCESSOR_DEFINITIONS = (
					"DEBUG=1",
					"$(inherited)",
				);
				GCC_WARN_64_TO_32_BIT_CONVERSION = YES;
				GCC_WARN_ABOUT_RETURN_TYPE = YES_ERROR;
				GCC_WARN_UNDECLARED_SELECTOR = YES;
				GCC_WARN_UNINITIALIZED_AUTOS = YES_AGGRESSIVE;
				GCC_WARN_UNUSED_FUNCTION = YES;
				GCC_WARN_UNUSED_VARIABLE = YES;
				IPHONEOS_DEPLOYMENT_TARGET = 11.2;
				MTL_ENABLE_DEBUG_INFO = YES;
				ONLY_ACTIVE_ARCH = YES;
				SDKROOT = iphoneos;
				SWIFT_ACTIVE_COMPILATION_CONDITIONS = DEBUG;
				SWIFT_OPTIMIZATION_LEVEL = "-Onone";
			};
			name = Debug;
		};
		8407ABBF211CE8CC003C1ACB /* Release */ = {
			isa = XCBuildConfiguration;
			buildSettings = {
				ALWAYS_SEARCH_USER_PATHS = NO;
				CLANG_ANALYZER_NONNULL = YES;
				CLANG_ANALYZER_NUMBER_OBJECT_CONVERSION = YES_AGGRESSIVE;
				CLANG_CXX_LANGUAGE_STANDARD = "gnu++14";
				CLANG_CXX_LIBRARY = "libc++";
				CLANG_ENABLE_MODULES = YES;
				CLANG_ENABLE_OBJC_ARC = YES;
				CLANG_WARN_BLOCK_CAPTURE_AUTORELEASING = YES;
				CLANG_WARN_BOOL_CONVERSION = YES;
				CLANG_WARN_COMMA = YES;
				CLANG_WARN_CONSTANT_CONVERSION = YES;
				CLANG_WARN_DIRECT_OBJC_ISA_USAGE = YES_ERROR;
				CLANG_WARN_DOCUMENTATION_COMMENTS = YES;
				CLANG_WARN_EMPTY_BODY = YES;
				CLANG_WARN_ENUM_CONVERSION = YES;
				CLANG_WARN_INFINITE_RECURSION = YES;
				CLANG_WARN_INT_CONVERSION = YES;
				CLANG_WARN_NON_LITERAL_NULL_CONVERSION = YES;
				CLANG_WARN_OBJC_LITERAL_CONVERSION = YES;
				CLANG_WARN_OBJC_ROOT_CLASS = YES_ERROR;
				CLANG_WARN_RANGE_LOOP_ANALYSIS = YES;
				CLANG_WARN_STRICT_PROTOTYPES = YES;
				CLANG_WARN_SUSPICIOUS_MOVE = YES;
				CLANG_WARN_UNGUARDED_AVAILABILITY = YES_AGGRESSIVE;
				CLANG_WARN_UNREACHABLE_CODE = YES;
				CLANG_WARN__DUPLICATE_METHOD_MATCH = YES;
				CODE_SIGN_IDENTITY = "iPhone Developer";
				COPY_PHASE_STRIP = NO;
				DEBUG_INFORMATION_FORMAT = "dwarf-with-dsym";
				ENABLE_NS_ASSERTIONS = NO;
				ENABLE_STRICT_OBJC_MSGSEND = YES;
				GCC_C_LANGUAGE_STANDARD = gnu11;
				GCC_NO_COMMON_BLOCKS = YES;
				GCC_WARN_64_TO_32_BIT_CONVERSION = YES;
				GCC_WARN_ABOUT_RETURN_TYPE = YES_ERROR;
				GCC_WARN_UNDECLARED_SELECTOR = YES;
				GCC_WARN_UNINITIALIZED_AUTOS = YES_AGGRESSIVE;
				GCC_WARN_UNUSED_FUNCTION = YES;
				GCC_WARN_UNUSED_VARIABLE = YES;
				IPHONEOS_DEPLOYMENT_TARGET = 11.2;
				MTL_ENABLE_DEBUG_INFO = NO;
				SDKROOT = iphoneos;
				SWIFT_OPTIMIZATION_LEVEL = "-Owholemodule";
				VALIDATE_PRODUCT = YES;
			};
			name = Release;
		};
		8407ABC1211CE8CC003C1ACB /* Debug */ = {
			isa = XCBuildConfiguration;
			buildSettings = {
				ASSETCATALOG_COMPILER_APPICON_NAME = AppIcon;
				CODE_SIGN_STYLE = Automatic;
				DEVELOPMENT_TEAM = 3X3F9P5749;
				INFOPLIST_FILE = TestingFirebaseGithub/Info.plist;
				LD_RUNPATH_SEARCH_PATHS = "$(inherited) @executable_path/Frameworks";
				PRODUCT_BUNDLE_IDENTIFIER = com.galosoft.TestingFirebaseGithub;
				PRODUCT_NAME = "$(TARGET_NAME)";
				SWIFT_VERSION = 4.0;
				TARGETED_DEVICE_FAMILY = "1,2";
			};
			name = Debug;
		};
		8407ABC2211CE8CC003C1ACB /* Release */ = {
			isa = XCBuildConfiguration;
			buildSettings = {
				ASSETCATALOG_COMPILER_APPICON_NAME = AppIcon;
				CODE_SIGN_STYLE = Automatic;
				DEVELOPMENT_TEAM = 3X3F9P5749;
				INFOPLIST_FILE = TestingFirebaseGithub/Info.plist;
				LD_RUNPATH_SEARCH_PATHS = "$(inherited) @executable_path/Frameworks";
				PRODUCT_BUNDLE_IDENTIFIER = com.galosoft.TestingFirebaseGithub;
				PRODUCT_NAME = "$(TARGET_NAME)";
				SWIFT_VERSION = 4.0;
				TARGETED_DEVICE_FAMILY = "1,2";
			};
			name = Release;
		};
/* End XCBuildConfiguration section */

/* Begin XCConfigurationList section */
		8407ABA9211CE8CC003C1ACB /* Build configuration list for PBXProject "TestingFirebaseGithub" */ = {
			isa = XCConfigurationList;
			buildConfigurations = (
				8407ABBE211CE8CC003C1ACB /* Debug */,
				8407ABBF211CE8CC003C1ACB /* Release */,
			);
			defaultConfigurationIsVisible = 0;
			defaultConfigurationName = Release;
		};
		8407ABC0211CE8CC003C1ACB /* Build configuration list for PBXNativeTarget "TestingFirebaseGithub" */ = {
			isa = XCConfigurationList;
			buildConfigurations = (
				8407ABC1211CE8CC003C1ACB /* Debug */,
				8407ABC2211CE8CC003C1ACB /* Release */,
			);
			defaultConfigurationIsVisible = 0;
			defaultConfigurationName = Release;
		};
/* End XCConfigurationList section */
	};
	rootObject = 8407ABA6211CE8CC003C1ACB /* Project object */;
}
